{
  "name": "glean-server-example",
  "version": "1.0.0",
  "lockfileVersion": 3,
  "requires": true,
  "packages": {
    "": {
      "name": "glean-server-example",
      "version": "1.0.0",
      "devDependencies": {
        "@types/node": "^22.10.2",
        "dotenv": "^16.4.5",
        "playwright-mcp-server-test": "file:../..",
        "typescript": "^5.7.2"
      }
    },
    "../..": {
      "name": "playwright-mcp-server-test",
      "version": "0.1.0",
      "dev": true,
      "license": "MIT",
      "dependencies": {
        "@modelcontextprotocol/sdk": "^1.0.4",
        "chalk": "^5.6.2",
        "commander": "^14.0.2",
        "inquirer": "^13.0.1",
        "open": "^10.1.0",
        "ora": "^9.0.0"
      },
      "bin": {
        "playwright-mcp-server-test": "dist/cli/index.js"
      },
      "devDependencies": {
        "@anthropic-ai/sdk": "^0.32.1",
        "@openai/agents": "^0.3.3",
        "@playwright/test": "^1.49.0",
        "@types/node": "^22.10.2",
        "@types/react": "^18.3.12",
        "@types/react-dom": "^18.3.1",
        "@typescript-eslint/eslint-plugin": "^8.18.2",
        "@typescript-eslint/parser": "^8.18.2",
        "@vitest/ui": "^2.1.9",
        "autoprefixer": "^10.4.20",
        "esbuild": "^0.24.0",
        "eslint": "^8.57.1",
        "lucide-react": "^0.460.0",
        "openai": "^4.77.3",
        "postcss": "^8.4.49",
        "prettier": "^3.4.2",
        "react": "^18.3.1",
        "react-dom": "^18.3.1",
        "tailwindcss": "^3.4.15",
        "tsup": "^8.3.5",
        "tsx": "^4.19.2",
        "typescript": "^5.7.2",
        "vitest": "^2.1.8",
        "zod": "^3.24.1"
      },
      "engines": {
        "node": ">=18.0.0"
      },
      "peerDependencies": {
        "@anthropic-ai/sdk": "^0.32.0",
        "@openai/agents": "^0.3.0",
        "@playwright/test": "^1.40.0",
        "openai": "^4.0.0",
        "zod": "^3.0.0"
      },
      "peerDependenciesMeta": {
        "@anthropic-ai/sdk": {
          "optional": true
        },
        "@openai/agents": {
          "optional": true
        },
        "openai": {
          "optional": true
        }
      }
    },
    "node_modules/@types/node": {
      "version": "22.19.1",
      "resolved": "https://registry.npmjs.org/@types/node/-/node-22.19.1.tgz",
      "integrity": "sha512-LCCV0HdSZZZb34qifBsyWlUmok6W7ouER+oQIGBScS8EsZsQbrtFTUrDX4hOl+CS6p7cnNC4td+qrSVGSCTUfQ==",
      "dev": true,
      "license": "MIT",
      "dependencies": {
        "undici-types": "~6.21.0"
      }
    },
    "node_modules/dotenv": {
      "version": "16.6.1",
      "resolved": "https://registry.npmjs.org/dotenv/-/dotenv-16.6.1.tgz",
      "integrity": "sha512-uBq4egWHTcTt33a72vpSG0z3HnPuIl6NqYcTrKEg2azoEyl2hpW0zqlxysq2pK9HlDIHyHyakeYaYnSAwd8bow==",
      "dev": true,
      "license": "BSD-2-Clause",
      "engines": {
        "node": ">=12"
      },
      "funding": {
        "url": "https://dotenvx.com"
      }
    },
    "node_modules/playwright-mcp-server-test": {
      "resolved": "../..",
      "link": true
    },
    "node_modules/typescript": {
      "version": "5.9.3",
      "resolved": "https://registry.npmjs.org/typescript/-/typescript-5.9.3.tgz",
      "integrity": "sha512-jl1vZzPDinLr9eUt3J/t7V6FgNEw9QjvBPdysz9KfQDD41fQrC2Y4vKQdiaUpFT4bXlb1RHhLpp8wtm6M5TgSw==",
      "dev": true,
      "license": "Apache-2.0",
      "bin": {
        "tsc": "bin/tsc",
        "tsserver": "bin/tsserver"
      },
      "engines": {
        "node": ">=14.17"
      }
    },
    "node_modules/undici-types": {
      "version": "6.21.0",
      "resolved": "https://registry.npmjs.org/undici-types/-/undici-types-6.21.0.tgz",
      "integrity": "sha512-iwDZqg0QAGrg9Rav5H4n0M64c3mkR59cJ6wQp+7C4nI0gsmExaedaYLNO44eT4AtBBwjbTiGPMlt2Md0T9H9JQ==",
      "dev": true,
      "license": "MIT"
    }
  }
}
